
Microsoft Visual Studio Solution File, Format Version 12.00
# Visual Studio Version 17
VisualStudioVersion = 17.0.32112.339
MinimumVisualStudioVersion = 10.0.40219.1
Project("{9A19103F-16F7-4668-BE54-9A1E7A4F7556}") = "Restaurant.Web", "Restaurant.Web\Restaurant.Web.csproj", "{6A5CCE3E-7C93-4701-9D46-C29351CA4E39}"
EndProject
Project("{9A19103F-16F7-4668-BE54-9A1E7A4F7556}") = "Restaurant.Data", "Restaurant.Data\Restaurant.Data.csproj", "{1ADA0791-B730-4ECF-A985-B0AB4E2415F0}"
EndProject
Project("{9A19103F-16F7-4668-BE54-9A1E7A4F7556}") = "Restaurant.Services", "Restaurant.Services\Restaurant.Services.csproj", "{BB4B15D2-9B4F-4ABF-A3D0-FB8386761109}"
EndProject
Project("{FAE04EC0-301F-11D3-BF4B-00C04F79EFBC}") = "Restaurant.Mapping", "Restaurant.Mapping\Restaurant.Mapping.csproj", "{17017C71-C662-4063-AAA6-F611F33C0D60}"
EndProject
Global
	GlobalSection(SolutionConfigurationPlatforms) = preSolution
		Debug|Any CPU = Debug|Any CPU
		Release|Any CPU = Release|Any CPU
	EndGlobalSection
	GlobalSection(ProjectConfigurationPlatforms) = postSolution
		{6A5CCE3E-7C93-4701-9D46-C29351CA4E39}.Debug|Any CPU.ActiveCfg = Debug|Any CPU
		{6A5CCE3E-7C93-4701-9D46-C29351CA4E39}.Debug|Any CPU.Build.0 = Debug|Any CPU
		{6A5CCE3E-7C93-4701-9D46-C29351CA4E39}.Release|Any CPU.ActiveCfg = Release|Any CPU
		{6A5CCE3E-7C93-4701-9D46-C29351CA4E39}.Release|Any CPU.Build.0 = Release|Any CPU
		{1ADA0791-B730-4ECF-A985-B0AB4E2415F0}.Debug|Any CPU.ActiveCfg = Debug|Any CPU
		{1ADA0791-B730-4ECF-A985-B0AB4E2415F0}.Debug|Any CPU.Build.0 = Debug|Any CPU
		{1ADA0791-B730-4ECF-A985-B0AB4E2415F0}.Release|Any CPU.ActiveCfg = Release|Any CPU
		{1ADA0791-B730-4ECF-A985-B0AB4E2415F0}.Release|Any CPU.Build.0 = Release|Any CPU
		{BB4B15D2-9B4F-4ABF-A3D0-FB8386761109}.Debug|Any CPU.ActiveCfg = Debug|Any CPU
		{BB4B15D2-9B4F-4ABF-A3D0-FB8386761109}.Debug|Any CPU.Build.0 = Debug|Any CPU
		{BB4B15D2-9B4F-4ABF-A3D0-FB8386761109}.Release|Any CPU.ActiveCfg = Release|Any CPU
		{BB4B15D2-9B4F-4ABF-A3D0-FB8386761109}.Release|Any CPU.Build.0 = Release|Any CPU
		{17017C71-C662-4063-AAA6-F611F33C0D60}.Debug|Any CPU.ActiveCfg = Debug|Any CPU
		{17017C71-C662-4063-AAA6-F611F33C0D60}.Debug|Any CPU.Build.0 = Debug|Any CPU
		{17017C71-C662-4063-AAA6-F611F33C0D60}.Release|Any CPU.ActiveCfg = Release|Any CPU
		{17017C71-C662-4063-AAA6-F611F33C0D60}.Release|Any CPU.Build.0 = Release|Any CPU
	EndGlobalSection
	GlobalSection(SolutionProperties) = preSolution
		HideSolutionNode = FALSE
	EndGlobalSection
	GlobalSection(ExtensibilityGlobals) = postSolution
		SolutionGuid = {C4FB1F07-FE6F-459A-B445-BB0C33FB8EF5}
	EndGlobalSection
EndGlobal
